
Microsoft Visual Studio Solution File, Format Version 12.00
# Visual Studio Version 17
VisualStudioVersion = 17.11.35222.181
MinimumVisualStudioVersion = 10.0.40219.1
Project("{FAE04EC0-301F-11D3-BF4B-00C04F79EFBC}") = "NO15_O4-5", "NO15_O4-5.csproj", "{48A8FFEE-21FD-4052-8C7B-AA03AE55D66E}"
EndProject
Global
	GlobalSection(SolutionConfigurationPlatforms) = preSolution
		Debug|Any CPU = Debug|Any CPU
		Release|Any CPU = Release|Any CPU
	EndGlobalSection
	GlobalSection(ProjectConfigurationPlatforms) = postSolution
		{48A8FFEE-21FD-4052-8C7B-AA03AE55D66E}.Debug|Any CPU.ActiveCfg = Debug|Any CPU
		{48A8FFEE-21FD-4052-8C7B-AA03AE55D66E}.Debug|Any CPU.Build.0 = Debug|Any CPU
		{48A8FFEE-21FD-4052-8C7B-AA03AE55D66E}.Release|Any CPU.ActiveCfg = Release|Any CPU
		{48A8FFEE-21FD-4052-8C7B-AA03AE55D66E}.Release|Any CPU.Build.0 = Release|Any CPU
	EndGlobalSection
	GlobalSection(SolutionProperties) = preSolution
		HideSolutionNode = FALSE
	EndGlobalSection
	GlobalSection(ExtensibilityGlobals) = postSolution
		SolutionGuid = {CFCC7EF4-3A8A-4A26-9122-EBB97FE98FF1}
	EndGlobalSection
EndGlobal
