
Microsoft Visual Studio Solution File, Format Version 12.00
# Visual Studio Version 17
VisualStudioVersion = 17.11.35222.181
MinimumVisualStudioVersion = 10.0.40219.1
Project("{FAE04EC0-301F-11D3-BF4B-00C04F79EFBC}") = "Ekstraoppgåver", "Ekstraoppgåver\Ekstraoppgåver.csproj", "{F84DE1DB-8AC6-4750-9841-4183E5460F1D}"
EndProject
Global
	GlobalSection(SolutionConfigurationPlatforms) = preSolution
		Debug|Any CPU = Debug|Any CPU
		Release|Any CPU = Release|Any CPU
	EndGlobalSection
	GlobalSection(ProjectConfigurationPlatforms) = postSolution
		{F84DE1DB-8AC6-4750-9841-4183E5460F1D}.Debug|Any CPU.ActiveCfg = Debug|Any CPU
		{F84DE1DB-8AC6-4750-9841-4183E5460F1D}.Debug|Any CPU.Build.0 = Debug|Any CPU
		{F84DE1DB-8AC6-4750-9841-4183E5460F1D}.Release|Any CPU.ActiveCfg = Release|Any CPU
		{F84DE1DB-8AC6-4750-9841-4183E5460F1D}.Release|Any CPU.Build.0 = Release|Any CPU
	EndGlobalSection
	GlobalSection(SolutionProperties) = preSolution
		HideSolutionNode = FALSE
	EndGlobalSection
	GlobalSection(ExtensibilityGlobals) = postSolution
		SolutionGuid = {1AD73620-4597-4F5A-98B3-F9A41F1E8C04}
	EndGlobalSection
EndGlobal
