
Microsoft Visual Studio Solution File, Format Version 12.00
# Visual Studio Version 17
VisualStudioVersion = 17.11.35222.181
MinimumVisualStudioVersion = 10.0.40219.1
Project("{FAE04EC0-301F-11D3-BF4B-00C04F79EFBC}") = "NO5_O1", "NO5_O1\NO5_O1.csproj", "{B4965CBC-E3BC-4E1D-805A-F4DE339C71F0}"
EndProject
Global
	GlobalSection(SolutionConfigurationPlatforms) = preSolution
		Debug|Any CPU = Debug|Any CPU
		Release|Any CPU = Release|Any CPU
	EndGlobalSection
	GlobalSection(ProjectConfigurationPlatforms) = postSolution
		{B4965CBC-E3BC-4E1D-805A-F4DE339C71F0}.Debug|Any CPU.ActiveCfg = Debug|Any CPU
		{B4965CBC-E3BC-4E1D-805A-F4DE339C71F0}.Debug|Any CPU.Build.0 = Debug|Any CPU
		{B4965CBC-E3BC-4E1D-805A-F4DE339C71F0}.Release|Any CPU.ActiveCfg = Release|Any CPU
		{B4965CBC-E3BC-4E1D-805A-F4DE339C71F0}.Release|Any CPU.Build.0 = Release|Any CPU
	EndGlobalSection
	GlobalSection(SolutionProperties) = preSolution
		HideSolutionNode = FALSE
	EndGlobalSection
	GlobalSection(ExtensibilityGlobals) = postSolution
		SolutionGuid = {63EB9C70-C330-45E7-8237-5FC2F4A4CA1D}
	EndGlobalSection
EndGlobal
