
Microsoft Visual Studio Solution File, Format Version 12.00
# Visual Studio Version 17
VisualStudioVersion = 17.11.35222.181
MinimumVisualStudioVersion = 10.0.40219.1
Project("{FAE04EC0-301F-11D3-BF4B-00C04F79EFBC}") = "O1_unntak", "O1_unntak.csproj", "{2B6C7830-6403-4BD7-951E-409E9CB54E8A}"
EndProject
Global
	GlobalSection(SolutionConfigurationPlatforms) = preSolution
		Debug|Any CPU = Debug|Any CPU
		Release|Any CPU = Release|Any CPU
	EndGlobalSection
	GlobalSection(ProjectConfigurationPlatforms) = postSolution
		{2B6C7830-6403-4BD7-951E-409E9CB54E8A}.Debug|Any CPU.ActiveCfg = Debug|Any CPU
		{2B6C7830-6403-4BD7-951E-409E9CB54E8A}.Debug|Any CPU.Build.0 = Debug|Any CPU
		{2B6C7830-6403-4BD7-951E-409E9CB54E8A}.Release|Any CPU.ActiveCfg = Release|Any CPU
		{2B6C7830-6403-4BD7-951E-409E9CB54E8A}.Release|Any CPU.Build.0 = Release|Any CPU
	EndGlobalSection
	GlobalSection(SolutionProperties) = preSolution
		HideSolutionNode = FALSE
	EndGlobalSection
	GlobalSection(ExtensibilityGlobals) = postSolution
		SolutionGuid = {1157A63E-887B-438C-8C16-BE65A0F9581F}
	EndGlobalSection
EndGlobal
