
Microsoft Visual Studio Solution File, Format Version 12.00
# Visual Studio Version 17
VisualStudioVersion = 17.11.35222.181
MinimumVisualStudioVersion = 10.0.40219.1
Project("{FAE04EC0-301F-11D3-BF4B-00C04F79EFBC}") = "Obligatorisk innlevering 5", "Obligatorisk innlevering 5\Obligatorisk innlevering 5.csproj", "{4B6DA81A-69C2-4E1E-9C25-B5FE3EEEE6CD}"
EndProject
Global
	GlobalSection(SolutionConfigurationPlatforms) = preSolution
		Debug|Any CPU = Debug|Any CPU
		Release|Any CPU = Release|Any CPU
	EndGlobalSection
	GlobalSection(ProjectConfigurationPlatforms) = postSolution
		{4B6DA81A-69C2-4E1E-9C25-B5FE3EEEE6CD}.Debug|Any CPU.ActiveCfg = Debug|Any CPU
		{4B6DA81A-69C2-4E1E-9C25-B5FE3EEEE6CD}.Debug|Any CPU.Build.0 = Debug|Any CPU
		{4B6DA81A-69C2-4E1E-9C25-B5FE3EEEE6CD}.Release|Any CPU.ActiveCfg = Release|Any CPU
		{4B6DA81A-69C2-4E1E-9C25-B5FE3EEEE6CD}.Release|Any CPU.Build.0 = Release|Any CPU
	EndGlobalSection
	GlobalSection(SolutionProperties) = preSolution
		HideSolutionNode = FALSE
	EndGlobalSection
	GlobalSection(ExtensibilityGlobals) = postSolution
		SolutionGuid = {3ADA98F9-3901-4563-B988-F24FCBFF5B2A}
	EndGlobalSection
EndGlobal
