
Microsoft Visual Studio Solution File, Format Version 12.00
# Visual Studio Version 17
VisualStudioVersion = 17.11.35222.181
MinimumVisualStudioVersion = 10.0.40219.1
Project("{FAE04EC0-301F-11D3-BF4B-00C04F79EFBC}") = "NO14_O4", "NO14_O4.csproj", "{79D8BC6B-6C6B-4848-AFD1-9493964B0620}"
EndProject
Global
	GlobalSection(SolutionConfigurationPlatforms) = preSolution
		Debug|Any CPU = Debug|Any CPU
		Release|Any CPU = Release|Any CPU
	EndGlobalSection
	GlobalSection(ProjectConfigurationPlatforms) = postSolution
		{79D8BC6B-6C6B-4848-AFD1-9493964B0620}.Debug|Any CPU.ActiveCfg = Debug|Any CPU
		{79D8BC6B-6C6B-4848-AFD1-9493964B0620}.Debug|Any CPU.Build.0 = Debug|Any CPU
		{79D8BC6B-6C6B-4848-AFD1-9493964B0620}.Release|Any CPU.ActiveCfg = Release|Any CPU
		{79D8BC6B-6C6B-4848-AFD1-9493964B0620}.Release|Any CPU.Build.0 = Release|Any CPU
	EndGlobalSection
	GlobalSection(SolutionProperties) = preSolution
		HideSolutionNode = FALSE
	EndGlobalSection
	GlobalSection(ExtensibilityGlobals) = postSolution
		SolutionGuid = {41D86385-BE07-43FA-ABD5-8C120C45AFB6}
	EndGlobalSection
EndGlobal
