
Microsoft Visual Studio Solution File, Format Version 12.00
# Visual Studio Version 17
VisualStudioVersion = 17.11.35222.181
MinimumVisualStudioVersion = 10.0.40219.1
Project("{FAE04EC0-301F-11D3-BF4B-00C04F79EFBC}") = "NO14_01", "NO14_01\NO14_01.csproj", "{F8875E21-26BE-4F4F-8554-D2DAFA1E9941}"
EndProject
Global
	GlobalSection(SolutionConfigurationPlatforms) = preSolution
		Debug|Any CPU = Debug|Any CPU
		Release|Any CPU = Release|Any CPU
	EndGlobalSection
	GlobalSection(ProjectConfigurationPlatforms) = postSolution
		{F8875E21-26BE-4F4F-8554-D2DAFA1E9941}.Debug|Any CPU.ActiveCfg = Debug|Any CPU
		{F8875E21-26BE-4F4F-8554-D2DAFA1E9941}.Debug|Any CPU.Build.0 = Debug|Any CPU
		{F8875E21-26BE-4F4F-8554-D2DAFA1E9941}.Release|Any CPU.ActiveCfg = Release|Any CPU
		{F8875E21-26BE-4F4F-8554-D2DAFA1E9941}.Release|Any CPU.Build.0 = Release|Any CPU
	EndGlobalSection
	GlobalSection(SolutionProperties) = preSolution
		HideSolutionNode = FALSE
	EndGlobalSection
	GlobalSection(ExtensibilityGlobals) = postSolution
		SolutionGuid = {455CE522-7B35-44E4-91E8-91A73650C274}
	EndGlobalSection
EndGlobal
