
Microsoft Visual Studio Solution File, Format Version 12.00
# Visual Studio Version 17
VisualStudioVersion = 17.11.35222.181
MinimumVisualStudioVersion = 10.0.40219.1
Project("{FAE04EC0-301F-11D3-BF4B-00C04F79EFBC}") = "O3", "O3.csproj", "{5048F300-7278-41FF-9D7E-F8B10A5348CE}"
EndProject
Global
	GlobalSection(SolutionConfigurationPlatforms) = preSolution
		Debug|Any CPU = Debug|Any CPU
		Release|Any CPU = Release|Any CPU
	EndGlobalSection
	GlobalSection(ProjectConfigurationPlatforms) = postSolution
		{5048F300-7278-41FF-9D7E-F8B10A5348CE}.Debug|Any CPU.ActiveCfg = Debug|Any CPU
		{5048F300-7278-41FF-9D7E-F8B10A5348CE}.Debug|Any CPU.Build.0 = Debug|Any CPU
		{5048F300-7278-41FF-9D7E-F8B10A5348CE}.Release|Any CPU.ActiveCfg = Release|Any CPU
		{5048F300-7278-41FF-9D7E-F8B10A5348CE}.Release|Any CPU.Build.0 = Release|Any CPU
	EndGlobalSection
	GlobalSection(SolutionProperties) = preSolution
		HideSolutionNode = FALSE
	EndGlobalSection
	GlobalSection(ExtensibilityGlobals) = postSolution
		SolutionGuid = {346641A5-4F8E-4116-A73F-9C1623E9C3D7}
	EndGlobalSection
EndGlobal
