
Microsoft Visual Studio Solution File, Format Version 12.00
# Visual Studio Version 17
VisualStudioVersion = 17.11.35222.181
MinimumVisualStudioVersion = 10.0.40219.1
Project("{FAE04EC0-301F-11D3-BF4B-00C04F79EFBC}") = "NO7-O1", "NO7-O1\NO7-O1.csproj", "{CCA7007D-D207-4E6F-8ACC-40AB2353254D}"
EndProject
Global
	GlobalSection(SolutionConfigurationPlatforms) = preSolution
		Debug|Any CPU = Debug|Any CPU
		Release|Any CPU = Release|Any CPU
	EndGlobalSection
	GlobalSection(ProjectConfigurationPlatforms) = postSolution
		{CCA7007D-D207-4E6F-8ACC-40AB2353254D}.Debug|Any CPU.ActiveCfg = Debug|Any CPU
		{CCA7007D-D207-4E6F-8ACC-40AB2353254D}.Debug|Any CPU.Build.0 = Debug|Any CPU
		{CCA7007D-D207-4E6F-8ACC-40AB2353254D}.Release|Any CPU.ActiveCfg = Release|Any CPU
		{CCA7007D-D207-4E6F-8ACC-40AB2353254D}.Release|Any CPU.Build.0 = Release|Any CPU
	EndGlobalSection
	GlobalSection(SolutionProperties) = preSolution
		HideSolutionNode = FALSE
	EndGlobalSection
	GlobalSection(ExtensibilityGlobals) = postSolution
		SolutionGuid = {2105E75A-5682-4071-A070-93B13451749D}
	EndGlobalSection
EndGlobal
