
Microsoft Visual Studio Solution File, Format Version 12.00
# Visual Studio Version 17
VisualStudioVersion = 17.11.35222.181
MinimumVisualStudioVersion = 10.0.40219.1
Project("{FAE04EC0-301F-11D3-BF4B-00C04F79EFBC}") = "fakultet", "fakultet.csproj", "{2184D73B-A710-4A39-B504-134B1BC58A9C}"
EndProject
Global
	GlobalSection(SolutionConfigurationPlatforms) = preSolution
		Debug|Any CPU = Debug|Any CPU
		Release|Any CPU = Release|Any CPU
	EndGlobalSection
	GlobalSection(ProjectConfigurationPlatforms) = postSolution
		{2184D73B-A710-4A39-B504-134B1BC58A9C}.Debug|Any CPU.ActiveCfg = Debug|Any CPU
		{2184D73B-A710-4A39-B504-134B1BC58A9C}.Debug|Any CPU.Build.0 = Debug|Any CPU
		{2184D73B-A710-4A39-B504-134B1BC58A9C}.Release|Any CPU.ActiveCfg = Release|Any CPU
		{2184D73B-A710-4A39-B504-134B1BC58A9C}.Release|Any CPU.Build.0 = Release|Any CPU
	EndGlobalSection
	GlobalSection(SolutionProperties) = preSolution
		HideSolutionNode = FALSE
	EndGlobalSection
	GlobalSection(ExtensibilityGlobals) = postSolution
		SolutionGuid = {E14336E9-7A50-4D2C-A388-5BE2C6161B41}
	EndGlobalSection
EndGlobal
